
Microsoft Visual Studio Solution File, Format Version 12.00
# Visual Studio 14
VisualStudioVersion = 14.0.25123.0
MinimumVisualStudioVersion = 10.0.40219.1
Project("{FAE04EC0-301F-11D3-BF4B-00C04F79EFBC}") = "GlobalLogger", "GlobalLogger\GlobalLogger.csproj", "{7D22D36F-019E-4F5A-8AB5-1E4348AFD4BC}"
EndProject
Project("{FAE04EC0-301F-11D3-BF4B-00C04F79EFBC}") = "GlobalLogger.Demo", "GlobalLogger.Demo\GlobalLogger.Demo.csproj", "{99B2B4F5-33CA-423F-94BA-ABABD3CF2317}"
EndProject
Project("{FAE04EC0-301F-11D3-BF4B-00C04F79EFBC}") = "GlobalLogger.Tests", "GlobalLogger.Tests\GlobalLogger.Tests.csproj", "{5E40DC26-8E3B-489B-8C83-34BC38176857}"
EndProject
Global
	GlobalSection(SolutionConfigurationPlatforms) = preSolution
		Debug|Any CPU = Debug|Any CPU
		Release|Any CPU = Release|Any CPU
	EndGlobalSection
	GlobalSection(ProjectConfigurationPlatforms) = postSolution
		{7D22D36F-019E-4F5A-8AB5-1E4348AFD4BC}.Debug|Any CPU.ActiveCfg = Debug|Any CPU
		{7D22D36F-019E-4F5A-8AB5-1E4348AFD4BC}.Debug|Any CPU.Build.0 = Debug|Any CPU
		{7D22D36F-019E-4F5A-8AB5-1E4348AFD4BC}.Release|Any CPU.ActiveCfg = Release|Any CPU
		{7D22D36F-019E-4F5A-8AB5-1E4348AFD4BC}.Release|Any CPU.Build.0 = Release|Any CPU
		{99B2B4F5-33CA-423F-94BA-ABABD3CF2317}.Debug|Any CPU.ActiveCfg = Debug|Any CPU
		{99B2B4F5-33CA-423F-94BA-ABABD3CF2317}.Debug|Any CPU.Build.0 = Debug|Any CPU
		{99B2B4F5-33CA-423F-94BA-ABABD3CF2317}.Release|Any CPU.ActiveCfg = Release|Any CPU
		{99B2B4F5-33CA-423F-94BA-ABABD3CF2317}.Release|Any CPU.Build.0 = Release|Any CPU
		{5E40DC26-8E3B-489B-8C83-34BC38176857}.Debug|Any CPU.ActiveCfg = Debug|Any CPU
		{5E40DC26-8E3B-489B-8C83-34BC38176857}.Debug|Any CPU.Build.0 = Debug|Any CPU
		{5E40DC26-8E3B-489B-8C83-34BC38176857}.Release|Any CPU.ActiveCfg = Release|Any CPU
		{5E40DC26-8E3B-489B-8C83-34BC38176857}.Release|Any CPU.Build.0 = Release|Any CPU
	EndGlobalSection
	GlobalSection(SolutionProperties) = preSolution
		HideSolutionNode = FALSE
	EndGlobalSection
EndGlobal
